
Microsoft Visual Studio Solution File, Format Version 12.00
# Visual Studio Version 17
VisualStudioVersion = 17.7.34031.279
MinimumVisualStudioVersion = 10.0.40219.1
Project("{9A19103F-16F7-4668-BE54-9A1E7A4F7556}") = "Imlight.Director", "Imlight.Director\Imlight.Director.csproj", "{D75F750B-9988-4BC3-9DEE-7A1EC95E4D56}"
EndProject
Project("{9A19103F-16F7-4668-BE54-9A1E7A4F7556}") = "Imlight.Common", "Imlight.Common\Imlight.Common.csproj", "{88ED340C-8B4E-4E82-844C-BBD02183D2FF}"
EndProject
Project("{9A19103F-16F7-4668-BE54-9A1E7A4F7556}") = "Imlight.CoreLib", "Imlight.CoreLib\Imlight.CoreLib.csproj", "{454FBBD0-49B2-4A16-8DA7-EB6166A4D3E6}"
EndProject
Project("{9A19103F-16F7-4668-BE54-9A1E7A4F7556}") = "Imlight.Classic", "Imlight.Classic\Imlight.Classic.csproj", "{FAD95A45-07FA-42E0-9FCB-A362B0329B74}"
EndProject
Project("{9A19103F-16F7-4668-BE54-9A1E7A4F7556}") = "Imlight.Classic.Tests", "..\tests\Imlight.Classic.Tests\Imlight.Classic.Tests.csproj", "{9700F5E0-4EA6-4AD5-B559-1885847B338B}"
EndProject
Global
	GlobalSection(SolutionConfigurationPlatforms) = preSolution
		Debug|Any CPU = Debug|Any CPU
		Release|Any CPU = Release|Any CPU
	EndGlobalSection
	GlobalSection(ProjectConfigurationPlatforms) = postSolution
		{D75F750B-9988-4BC3-9DEE-7A1EC95E4D56}.Debug|Any CPU.ActiveCfg = Debug|Any CPU
		{D75F750B-9988-4BC3-9DEE-7A1EC95E4D56}.Debug|Any CPU.Build.0 = Debug|Any CPU
		{D75F750B-9988-4BC3-9DEE-7A1EC95E4D56}.Release|Any CPU.ActiveCfg = Release|Any CPU
		{D75F750B-9988-4BC3-9DEE-7A1EC95E4D56}.Release|Any CPU.Build.0 = Release|Any CPU
		{88ED340C-8B4E-4E82-844C-BBD02183D2FF}.Debug|Any CPU.ActiveCfg = Debug|Any CPU
		{88ED340C-8B4E-4E82-844C-BBD02183D2FF}.Debug|Any CPU.Build.0 = Debug|Any CPU
		{88ED340C-8B4E-4E82-844C-BBD02183D2FF}.Release|Any CPU.ActiveCfg = Release|Any CPU
		{88ED340C-8B4E-4E82-844C-BBD02183D2FF}.Release|Any CPU.Build.0 = Release|Any CPU
		{454FBBD0-49B2-4A16-8DA7-EB6166A4D3E6}.Debug|Any CPU.ActiveCfg = Debug|Any CPU
		{454FBBD0-49B2-4A16-8DA7-EB6166A4D3E6}.Debug|Any CPU.Build.0 = Debug|Any CPU
		{454FBBD0-49B2-4A16-8DA7-EB6166A4D3E6}.Release|Any CPU.ActiveCfg = Release|Any CPU
		{454FBBD0-49B2-4A16-8DA7-EB6166A4D3E6}.Release|Any CPU.Build.0 = Release|Any CPU
		{A401E1A0-1042-4CAB-BF65-246D24865D29}.Debug|Any CPU.ActiveCfg = Debug|Any CPU
		{A401E1A0-1042-4CAB-BF65-246D24865D29}.Debug|Any CPU.Build.0 = Debug|Any CPU
		{A401E1A0-1042-4CAB-BF65-246D24865D29}.Release|Any CPU.ActiveCfg = Release|Any CPU
		{A401E1A0-1042-4CAB-BF65-246D24865D29}.Release|Any CPU.Build.0 = Release|Any CPU
		{1E219E57-85D4-4C77-B682-71307EF57D1B}.Debug|Any CPU.ActiveCfg = Debug|Any CPU
		{1E219E57-85D4-4C77-B682-71307EF57D1B}.Debug|Any CPU.Build.0 = Debug|Any CPU
		{1E219E57-85D4-4C77-B682-71307EF57D1B}.Release|Any CPU.ActiveCfg = Release|Any CPU
		{1E219E57-85D4-4C77-B682-71307EF57D1B}.Release|Any CPU.Build.0 = Release|Any CPU
		{B5280924-D313-4C93-83FF-0BA5D7BBE597}.Debug|Any CPU.ActiveCfg = Debug|Any CPU
		{B5280924-D313-4C93-83FF-0BA5D7BBE597}.Debug|Any CPU.Build.0 = Debug|Any CPU
		{B5280924-D313-4C93-83FF-0BA5D7BBE597}.Release|Any CPU.ActiveCfg = Release|Any CPU
		{B5280924-D313-4C93-83FF-0BA5D7BBE597}.Release|Any CPU.Build.0 = Release|Any CPU
		{FAD95A45-07FA-42E0-9FCB-A362B0329B74}.Debug|Any CPU.ActiveCfg = Debug|Any CPU
		{FAD95A45-07FA-42E0-9FCB-A362B0329B74}.Debug|Any CPU.Build.0 = Debug|Any CPU
		{FAD95A45-07FA-42E0-9FCB-A362B0329B74}.Release|Any CPU.ActiveCfg = Release|Any CPU
		{FAD95A45-07FA-42E0-9FCB-A362B0329B74}.Release|Any CPU.Build.0 = Release|Any CPU
		{9700F5E0-4EA6-4AD5-B559-1885847B338B}.Debug|Any CPU.ActiveCfg = Debug|Any CPU
		{9700F5E0-4EA6-4AD5-B559-1885847B338B}.Debug|Any CPU.Build.0 = Debug|Any CPU
		{9700F5E0-4EA6-4AD5-B559-1885847B338B}.Release|Any CPU.ActiveCfg = Release|Any CPU
		{9700F5E0-4EA6-4AD5-B559-1885847B338B}.Release|Any CPU.Build.0 = Release|Any CPU
	EndGlobalSection
	GlobalSection(SolutionProperties) = preSolution
		HideSolutionNode = FALSE
	EndGlobalSection
	GlobalSection(ExtensibilityGlobals) = postSolution
		SolutionGuid = {480B33E4-FE6B-46BE-A9B7-F823D02C2C47}
	EndGlobalSection
EndGlobal
